PODS:
  - ARWebServerActivity (1.0.1):
    - GCDWebServer/WebUploader (~> 3.3)
  - GCDWebServer/Core (3.3.2)
  - GCDWebServer/WebUploader (3.3.2):
    - GCDWebServer/WebUploader/Core (= 3.3.2)
  - GCDWebServer/WebUploader/Core (3.3.2):
    - GCDWebServer/Core

DEPENDENCIES:
  - ARWebServerActivity (from `./`)

EXTERNAL SOURCES:
  ARWebServerActivity:
    :path: "./"

SPEC CHECKSUMS:
  ARWebServerActivity: 11da4907792fbea0b67eec5339d4848852dbbf41
  GCDWebServer: 2a375ec42839a41d7187d04e5b688d32fa5c4cd5

COCOAPODS: 0.39.0
