// !$*UTF8*$!
{
	archiveVersion = 1;
	classes = {
	};
	objectVersion = 46;
	objects = {

/* Begin PBXBuildFile section */
		D53CE7A71901811D000B96C4 /* Foundation.framework in Frameworks */ = {isa = PBXBuildFile; fileRef = D53CE7A61901811D000B96C4 /* Foundation.framework */; };
		D53CE7A91901811D000B96C4 /* CoreGraphics.framework in Frameworks */ = {isa = PBXBuildFile; fileRef = D53CE7A81901811D000B96C4 /* CoreGraphics.framework */; };
		D53CE7AB1901811D000B96C4 /* UIKit.framework in Frameworks */ = {isa = PBXBuildFile; fileRef = D53CE7AA1901811D000B96C4 /* UIKit.framework */; };
		D53CE7B11901811D000B96C4 /* InfoPlist.strings in Resources */ = {isa = PBXBuildFile; fileRef = D53CE7AF1901811D000B96C4 /* InfoPlist.strings */; };
		D53CE7B31901811D000B96C4 /* main.m in Sources */ = {isa = PBXBuildFile; fileRef = D53CE7B21901811D000B96C4 /* main.m */; };
		D53CE7B71901811D000B96C4 /* ARAppDelegate.m in Sources */ = {isa = PBXBuildFile; fileRef = D53CE7B61901811D000B96C4 /* ARAppDelegate.m */; };
		D53CE7BA1901811D000B96C4 /* Main_iPhone.storyboard in Resources */ = {isa = PBXBuildFile; fileRef = D53CE7B81901811D000B96C4 /* Main_iPhone.storyboard */; };
		D53CE7BD1901811D000B96C4 /* Main_iPad.storyboard in Resources */ = {isa = PBXBuildFile; fileRef = D53CE7BB1901811D000B96C4 /* Main_iPad.storyboard */; };
		D53CE7C01901811D000B96C4 /* ARViewController.m in Sources */ = {isa = PBXBuildFile; fileRef = D53CE7BF1901811D000B96C4 /* ARViewController.m */; };
		D53CE7C21901811D000B96C4 /* Images.xcassets in Resources */ = {isa = PBXBuildFile; fileRef = D53CE7C11901811D000B96C4 /* Images.xcassets */; };
		D53CE7C91901811D000B96C4 /* XCTest.framework in Frameworks */ = {isa = PBXBuildFile; fileRef = D53CE7C81901811D000B96C4 /* XCTest.framework */; };
		D53CE7CA1901811D000B96C4 /* Foundation.framework in Frameworks */ = {isa = PBXBuildFile; fileRef = D53CE7A61901811D000B96C4 /* Foundation.framework */; };
		D53CE7CB1901811D000B96C4 /* UIKit.framework in Frameworks */ = {isa = PBXBuildFile; fileRef = D53CE7AA1901811D000B96C4 /* UIKit.framework */; };
		D53CE7D31901811D000B96C4 /* InfoPlist.strings in Resources */ = {isa = PBXBuildFile; fileRef = D53CE7D11901811D000B96C4 /* InfoPlist.strings */; };
		D53CE7D51901811D000B96C4 /* ARWebServerActivityExampleTests.m in Sources */ = {isa = PBXBuildFile; fileRef = D53CE7D41901811D000B96C4 /* ARWebServerActivityExampleTests.m */; };
/* End PBXBuildFile section */

/* Begin PBXContainerItemProxy section */
		D53CE7CC1901811D000B96C4 /* PBXContainerItemProxy */ = {
			isa = PBXContainerItemProxy;
			containerPortal = D53CE79B1901811D000B96C4 /* Project object */;
			proxyType = 1;
			remoteGlobalIDString = D53CE7A21901811D000B96C4;
			remoteInfo = ARWebServerActivityExample;
		};
/* End PBXContainerItemProxy section */

/* Begin PBXFileReference section */
		D53CE7A31901811D000B96C4 /* ARWebServerActivityExample.app */ = {isa = PBXFileReference; explicitFileType = wrapper.application; includeInIndex = 0; path = ARWebServerActivityExample.app; sourceTree = BUILT_PRODUCTS_DIR; };
		D53CE7A61901811D000B96C4 /* Foundation.framework */ = {isa = PBXFileReference; lastKnownFileType = wrapper.framework; name = Foundation.framework; path = System/Library/Frameworks/Foundation.framework; sourceTree = SDKROOT; };
		D53CE7A81901811D000B96C4 /* CoreGraphics.framework */ = {isa = PBXFileReference; lastKnownFileType = wrapper.framework; name = CoreGraphics.framework; path = System/Library/Frameworks/CoreGraphics.framework; sourceTree = SDKROOT; };
		D53CE7AA1901811D000B96C4 /* UIKit.framework */ = {isa = PBXFileReference; lastKnownFileType = wrapper.framework; name = UIKit.framework; path = System/Library/Frameworks/UIKit.framework; sourceTree = SDKROOT; };
		D53CE7AE1901811D000B96C4 /* ARWebServerActivityExample-Info.plist */ = {isa = PBXFileReference; lastKnownFileType = text.plist.xml; path = "ARWebServerActivityExample-Info.plist"; sourceTree = "<group>"; };
		D53CE7B01901811D000B96C4 /* en */ = {isa = PBXFileReference; lastKnownFileType = text.plist.strings; name = en; path = en.lproj/InfoPlist.strings; sourceTree = "<group>"; };
		D53CE7B21901811D000B96C4 /* main.m */ = {isa = PBXFileReference; lastKnownFileType = sourcecode.c.objc; path = main.m; sourceTree = "<group>"; };
		D53CE7B41901811D000B96C4 /* ARWebServerActivityExample-Prefix.pch */ = {isa = PBXFileReference; lastKnownFileType = sourcecode.c.h; path = "ARWebServerActivityExample-Prefix.pch"; sourceTree = "<group>"; };
		D53CE7B51901811D000B96C4 /* ARAppDelegate.h */ = {isa = PBXFileReference; lastKnownFileType = sourcecode.c.h; path = ARAppDelegate.h; sourceTree = "<group>"; };
		D53CE7B61901811D000B96C4 /* ARAppDelegate.m */ = {isa = PBXFileReference; lastKnownFileType = sourcecode.c.objc; path = ARAppDelegate.m; sourceTree = "<group>"; };
		D53CE7B91901811D000B96C4 /* Base */ = {isa = PBXFileReference; lastKnownFileType = file.storyboard; name = Base; path = Base.lproj/Main_iPhone.storyboard; sourceTree = "<group>"; };
		D53CE7BC1901811D000B96C4 /* Base */ = {isa = PBXFileReference; lastKnownFileType = file.storyboard; name = Base; path = Base.lproj/Main_iPad.storyboard; sourceTree = "<group>"; };
		D53CE7BE1901811D000B96C4 /* ARViewController.h */ = {isa = PBXFileReference; lastKnownFileType = sourcecode.c.h; path = ARViewController.h; sourceTree = "<group>"; };
		D53CE7BF1901811D000B96C4 /* ARViewController.m */ = {isa = PBXFileReference; lastKnownFileType = sourcecode.c.objc; path = ARViewController.m; sourceTree = "<group>"; };
		D53CE7C11901811D000B96C4 /* Images.xcassets */ = {isa = PBXFileReference; lastKnownFileType = folder.assetcatalog; path = Images.xcassets; sourceTree = "<group>"; };
		D53CE7C71901811D000B96C4 /* ARWebServerActivityExampleTests.xctest */ = {isa = PBXFileReference; explicitFileType = wrapper.cfbundle; includeInIndex = 0; path = ARWebServerActivityExampleTests.xctest; sourceTree = BUILT_PRODUCTS_DIR; };
		D53CE7C81901811D000B96C4 /* XCTest.framework */ = {isa = PBXFileReference; lastKnownFileType = wrapper.framework; name = XCTest.framework; path = Library/Frameworks/XCTest.framework; sourceTree = DEVELOPER_DIR; };
		D53CE7D01901811D000B96C4 /* ARWebServerActivityExampleTests-Info.plist */ = {isa = PBXFileReference; lastKnownFileType = text.plist.xml; path = "ARWebServerActivityExampleTests-Info.plist"; sourceTree = "<group>"; };
		D53CE7D21901811D000B96C4 /* en */ = {isa = PBXFileReference; lastKnownFileType = text.plist.strings; name = en; path = en.lproj/InfoPlist.strings; sourceTree = "<group>"; };
		D53CE7D41901811D000B96C4 /* ARWebServerActivityExampleTests.m */ = {isa = PBXFileReference; lastKnownFileType = sourcecode.c.objc; path = ARWebServerActivityExampleTests.m; sourceTree = "<group>"; };
/* End PBXFileReference section */

/* Begin PBXFrameworksBuildPhase section */
		D53CE7A01901811D000B96C4 /* Frameworks */ = {
			isa = PBXFrameworksBuildPhase;
			buildActionMask = 2147483647;
			files = (
				D53CE7A91901811D000B96C4 /* CoreGraphics.framework in Frameworks */,
				D53CE7AB1901811D000B96C4 /* UIKit.framework in Frameworks */,
				D53CE7A71901811D000B96C4 /* Foundation.framework in Frameworks */,
			);
			runOnlyForDeploymentPostprocessing = 0;
		};
		D53CE7C41901811D000B96C4 /* Frameworks */ = {
			isa = PBXFrameworksBuildPhase;
			buildActionMask = 2147483647;
			files = (
				D53CE7C91901811D000B96C4 /* XCTest.framework in Frameworks */,
				D53CE7CB1901811D000B96C4 /* UIKit.framework in Frameworks */,
				D53CE7CA1901811D000B96C4 /* Foundation.framework in Frameworks */,
			);
			runOnlyForDeploymentPostprocessing = 0;
		};
/* End PBXFrameworksBuildPhase section */

/* Begin PBXGroup section */
		D53CE79A1901811D000B96C4 = {
			isa = PBXGroup;
			children = (
				D53CE7AC1901811D000B96C4 /* ARWebServerActivityExample */,
				D53CE7CE1901811D000B96C4 /* ARWebServerActivityExampleTests */,
				D53CE7A51901811D000B96C4 /* Frameworks */,
				D53CE7A41901811D000B96C4 /* Products */,
			);
			sourceTree = "<group>";
		};
		D53CE7A41901811D000B96C4 /* Products */ = {
			isa = PBXGroup;
			children = (
				D53CE7A31901811D000B96C4 /* ARWebServerActivityExample.app */,
				D53CE7C71901811D000B96C4 /* ARWebServerActivityExampleTests.xctest */,
			);
			name = Products;
			sourceTree = "<group>";
		};
		D53CE7A51901811D000B96C4 /* Frameworks */ = {
			isa = PBXGroup;
			children = (
				D53CE7A61901811D000B96C4 /* Foundation.framework */,
				D53CE7A81901811D000B96C4 /* CoreGraphics.framework */,
				D53CE7AA1901811D000B96C4 /* UIKit.framework */,
				D53CE7C81901811D000B96C4 /* XCTest.framework */,
			);
			name = Frameworks;
			sourceTree = "<group>";
		};
		D53CE7AC1901811D000B96C4 /* ARWebServerActivityExample */ = {
			isa = PBXGroup;
			children = (
				D53CE7B51901811D000B96C4 /* ARAppDelegate.h */,
				D53CE7B61901811D000B96C4 /* ARAppDelegate.m */,
				D53CE7B81901811D000B96C4 /* Main_iPhone.storyboard */,
				D53CE7BB1901811D000B96C4 /* Main_iPad.storyboard */,
				D53CE7BE1901811D000B96C4 /* ARViewController.h */,
				D53CE7BF1901811D000B96C4 /* ARViewController.m */,
				D53CE7C11901811D000B96C4 /* Images.xcassets */,
				D53CE7AD1901811D000B96C4 /* Supporting Files */,
			);
			path = ARWebServerActivityExample;
			sourceTree = "<group>";
		};
		D53CE7AD1901811D000B96C4 /* Supporting Files */ = {
			isa = PBXGroup;
			children = (
				D53CE7AE1901811D000B96C4 /* ARWebServerActivityExample-Info.plist */,
				D53CE7AF1901811D000B96C4 /* InfoPlist.strings */,
				D53CE7B21901811D000B96C4 /* main.m */,
				D53CE7B41901811D000B96C4 /* ARWebServerActivityExample-Prefix.pch */,
			);
			name = "Supporting Files";
			sourceTree = "<group>";
		};
		D53CE7CE1901811D000B96C4 /* ARWebServerActivityExampleTests */ = {
			isa = PBXGroup;
			children = (
				D53CE7D41901811D000B96C4 /* ARWebServerActivityExampleTests.m */,
				D53CE7CF1901811D000B96C4 /* Supporting Files */,
			);
			path = ARWebServerActivityExampleTests;
			sourceTree = "<group>";
		};
		D53CE7CF1901811D000B96C4 /* Supporting Files */ = {
			isa = PBXGroup;
			children = (
				D53CE7D01901811D000B96C4 /* ARWebServerActivityExampleTests-Info.plist */,
				D53CE7D11901811D000B96C4 /* InfoPlist.strings */,
			);
			name = "Supporting Files";
			sourceTree = "<group>";
		};
/* End PBXGroup section */

/* Begin PBXNativeTarget section */
		D53CE7A21901811D000B96C4 /* ARWebServerActivityExample */ = {
			isa = PBXNativeTarget;
			buildConfigurationList = D53CE7D81901811D000B96C4 /* Build configuration list for PBXNativeTarget "ARWebServerActivityExample" */;
			buildPhases = (
				D53CE79F1901811D000B96C4 /* Sources */,
				D53CE7A01901811D000B96C4 /* Frameworks */,
				D53CE7A11901811D000B96C4 /* Resources */,
			);
			buildRules = (
			);
			dependencies = (
			);
			name = ARWebServerActivityExample;
			productName = ARWebServerActivityExample;
			productReference = D53CE7A31901811D000B96C4 /* ARWebServerActivityExample.app */;
			productType = "com.apple.product-type.application";
		};
		D53CE7C61901811D000B96C4 /* ARWebServerActivityExampleTests */ = {
			isa = PBXNativeTarget;
			buildConfigurationList = D53CE7DB1901811D000B96C4 /* Build configuration list for PBXNativeTarget "ARWebServerActivityExampleTests" */;
			buildPhases = (
				D53CE7C31901811D000B96C4 /* Sources */,
				D53CE7C41901811D000B96C4 /* Frameworks */,
				D53CE7C51901811D000B96C4 /* Resources */,
			);
			buildRules = (
			);
			dependencies = (
				D53CE7CD1901811D000B96C4 /* PBXTargetDependency */,
			);
			name = ARWebServerActivityExampleTests;
			productName = ARWebServerActivityExampleTests;
			productReference = D53CE7C71901811D000B96C4 /* ARWebServerActivityExampleTests.xctest */;
			productType = "com.apple.product-type.bundle.unit-test";
		};
/* End PBXNativeTarget section */

/* Begin PBXProject section */
		D53CE79B1901811D000B96C4 /* Project object */ = {
			isa = PBXProject;
			attributes = {
				CLASSPREFIX = AR;
				LastUpgradeCheck = 0510;
				ORGANIZATIONNAME = alexruperez;
				TargetAttributes = {
					D53CE7C61901811D000B96C4 = {
						TestTargetID = D53CE7A21901811D000B96C4;
					};
				};
			};
			buildConfigurationList = D53CE79E1901811D000B96C4 /* Build configuration list for PBXProject "ARWebServerActivityExample" */;
			compatibilityVersion = "Xcode 3.2";
			developmentRegion = English;
			hasScannedForEncodings = 0;
			knownRegions = (
				en,
				Base,
			);
			mainGroup = D53CE79A1901811D000B96C4;
			productRefGroup = D53CE7A41901811D000B96C4 /* Products */;
			projectDirPath = "";
			projectRoot = "";
			targets = (
				D53CE7A21901811D000B96C4 /* ARWebServerActivityExample */,
				D53CE7C61901811D000B96C4 /* ARWebServerActivityExampleTests */,
			);
		};
/* End PBXProject section */

/* Begin PBXResourcesBuildPhase section */
		D53CE7A11901811D000B96C4 /* Resources */ = {
			isa = PBXResourcesBuildPhase;
			buildActionMask = 2147483647;
			files = (
				D53CE7BD1901811D000B96C4 /* Main_iPad.storyboard in Resources */,
				D53CE7C21901811D000B96C4 /* Images.xcassets in Resources */,
				D53CE7BA1901811D000B96C4 /* Main_iPhone.storyboard in Resources */,
				D53CE7B11901811D000B96C4 /* InfoPlist.strings in Resources */,
			);
			runOnlyForDeploymentPostprocessing = 0;
		};
		D53CE7C51901811D000B96C4 /* Resources */ = {
			isa = PBXResourcesBuildPhase;
			buildActionMask = 2147483647;
			files = (
				D53CE7D31901811D000B96C4 /* InfoPlist.strings in Resources */,
			);
			runOnlyForDeploymentPostprocessing = 0;
		};
/* End PBXResourcesBuildPhase section */

/* Begin PBXSourcesBuildPhase section */
		D53CE79F1901811D000B96C4 /* Sources */ = {
			isa = PBXSourcesBuildPhase;
			buildActionMask = 2147483647;
			files = (
				D53CE7B31901811D000B96C4 /* main.m in Sources */,
				D53CE7C01901811D000B96C4 /* ARViewController.m in Sources */,
				D53CE7B71901811D000B96C4 /* ARAppDelegate.m in Sources */,
			);
			runOnlyForDeploymentPostprocessing = 0;
		};
		D53CE7C31901811D000B96C4 /* Sources */ = {
			isa = PBXSourcesBuildPhase;
			buildActionMask = 2147483647;
			files = (
				D53CE7D51901811D000B96C4 /* ARWebServerActivityExampleTests.m in Sources */,
			);
			runOnlyForDeploymentPostprocessing = 0;
		};
/* End PBXSourcesBuildPhase section */

/* Begin PBXTargetDependency section */
		D53CE7CD1901811D000B96C4 /* PBXTargetDependency */ = {
			isa = PBXTargetDependency;
			target = D53CE7A21901811D000B96C4 /* ARWebServerActivityExample */;
			targetProxy = D53CE7CC1901811D000B96C4 /* PBXContainerItemProxy */;
		};
/* End PBXTargetDependency section */

/* Begin PBXVariantGroup section */
		D53CE7AF1901811D000B96C4 /* InfoPlist.strings */ = {
			isa = PBXVariantGroup;
			children = (
				D53CE7B01901811D000B96C4 /* en */,
			);
			name = InfoPlist.strings;
			sourceTree = "<group>";
		};
		D53CE7B81901811D000B96C4 /* Main_iPhone.storyboard */ = {
			isa = PBXVariantGroup;
			children = (
				D53CE7B91901811D000B96C4 /* Base */,
			);
			name = Main_iPhone.storyboard;
			sourceTree = "<group>";
		};
		D53CE7BB1901811D000B96C4 /* Main_iPad.storyboard */ = {
			isa = PBXVariantGroup;
			children = (
				D53CE7BC1901811D000B96C4 /* Base */,
			);
			name = Main_iPad.storyboard;
			sourceTree = "<group>";
		};
		D53CE7D11901811D000B96C4 /* InfoPlist.strings */ = {
			isa = PBXVariantGroup;
			children = (
				D53CE7D21901811D000B96C4 /* en */,
			);
			name = InfoPlist.strings;
			sourceTree = "<group>";
		};
/* End PBXVariantGroup section */

/* Begin XCBuildConfiguration section */
		D53CE7D61901811D000B96C4 /* Debug */ = {
			isa = XCBuildConfiguration;
			buildSettings = {
				ALWAYS_SEARCH_USER_PATHS = NO;
				CLANG_CXX_LANGUAGE_STANDARD = "gnu++0x";
				CLANG_CXX_LIBRARY = "libc++";
				CLANG_ENABLE_MODULES = YES;
				CLANG_ENABLE_OBJC_ARC = YES;
				CLANG_WARN_BOOL_CONVERSION = YES;
				CLANG_WARN_CONSTANT_CONVERSION = YES;
				CLANG_WARN_DIRECT_OBJC_ISA_USAGE = YES_ERROR;
				CLANG_WARN_EMPTY_BODY = YES;
				CLANG_WARN_ENUM_CONVERSION = YES;
				CLANG_WARN_INT_CONVERSION = YES;
				CLANG_WARN_OBJC_ROOT_CLASS = YES_ERROR;
				CLANG_WARN__DUPLICATE_METHOD_MATCH = YES;
				"CODE_SIGN_IDENTITY[sdk=iphoneos*]" = "iPhone Developer";
				COPY_PHASE_STRIP = NO;
				GCC_C_LANGUAGE_STANDARD = gnu99;
				GCC_DYNAMIC_NO_PIC = NO;
				GCC_OPTIMIZATION_LEVEL = 0;
				GCC_PREPROCESSOR_DEFINITIONS = (
					"DEBUG=1",
					"$(inherited)",
				);
				GCC_SYMBOLS_PRIVATE_EXTERN = NO;
				GCC_WARN_64_TO_32_BIT_CONVERSION = YES;
				GCC_WARN_ABOUT_RETURN_TYPE = YES_ERROR;
				GCC_WARN_UNDECLARED_SELECTOR = YES;
				GCC_WARN_UNINITIALIZED_AUTOS = YES_AGGRESSIVE;
				GCC_WARN_UNUSED_FUNCTION = YES;
				GCC_WARN_UNUSED_VARIABLE = YES;
				IPHONEOS_DEPLOYMENT_TARGET = 7.1;
				ONLY_ACTIVE_ARCH = YES;
				SDKROOT = iphoneos;
				TARGETED_DEVICE_FAMILY = "1,2";
			};
			name = Debug;
		};
		D53CE7D71901811D000B96C4 /* Release */ = {
			isa = XCBuildConfiguration;
			buildSettings = {
				ALWAYS_SEARCH_USER_PATHS = NO;
				CLANG_CXX_LANGUAGE_STANDARD = "gnu++0x";
				CLANG_CXX_LIBRARY = "libc++";
				CLANG_ENABLE_MODULES = YES;
				CLANG_ENABLE_OBJC_ARC = YES;
				CLANG_WARN_BOOL_CONVERSION = YES;
				CLANG_WARN_CONSTANT_CONVERSION = YES;
				CLANG_WARN_DIRECT_OBJC_ISA_USAGE = YES_ERROR;
				CLANG_WARN_EMPTY_BODY = YES;
				CLANG_WARN_ENUM_CONVERSION = YES;
				CLANG_WARN_INT_CONVERSION = YES;
				CLANG_WARN_OBJC_ROOT_CLASS = YES_ERROR;
				CLANG_WARN__DUPLICATE_METHOD_MATCH = YES;
				"CODE_SIGN_IDENTITY[sdk=iphoneos*]" = "iPhone Developer";
				COPY_PHASE_STRIP = YES;
				ENABLE_NS_ASSERTIONS = NO;
				GCC_C_LANGUAGE_STANDARD = gnu99;
				GCC_WARN_64_TO_32_BIT_CONVERSION = YES;
				GCC_WARN_ABOUT_RETURN_TYPE = YES_ERROR;
				GCC_WARN_UNDECLARED_SELECTOR = YES;
				GCC_WARN_UNINITIALIZED_AUTOS = YES_AGGRESSIVE;
				GCC_WARN_UNUSED_FUNCTION = YES;
				GCC_WARN_UNUSED_VARIABLE = YES;
				IPHONEOS_DEPLOYMENT_TARGET = 7.1;
				SDKROOT = iphoneos;
				TARGETED_DEVICE_FAMILY = "1,2";
				VALIDATE_PRODUCT = YES;
			};
			name = Release;
		};
		D53CE7D91901811D000B96C4 /* Debug */ = {
			isa = XCBuildConfiguration;
			buildSettings = {
				ASSETCATALOG_COMPILER_APPICON_NAME = AppIcon;
				ASSETCATALOG_COMPILER_LAUNCHIMAGE_NAME = LaunchImage;
				GCC_PRECOMPILE_PREFIX_HEADER = YES;
				GCC_PREFIX_HEADER = "ARWebServerActivityExample/ARWebServerActivityExample-Prefix.pch";
				INFOPLIST_FILE = "ARWebServerActivityExample/ARWebServerActivityExample-Info.plist";
				PRODUCT_NAME = "$(TARGET_NAME)";
				WRAPPER_EXTENSION = app;
			};
			name = Debug;
		};
		D53CE7DA1901811D000B96C4 /* Release */ = {
			isa = XCBuildConfiguration;
			buildSettings = {
				ASSETCATALOG_COMPILER_APPICON_NAME = AppIcon;
				ASSETCATALOG_COMPILER_LAUNCHIMAGE_NAME = LaunchImage;
				GCC_PRECOMPILE_PREFIX_HEADER = YES;
				GCC_PREFIX_HEADER = "ARWebServerActivityExample/ARWebServerActivityExample-Prefix.pch";
				INFOPLIST_FILE = "ARWebServerActivityExample/ARWebServerActivityExample-Info.plist";
				PRODUCT_NAME = "$(TARGET_NAME)";
				WRAPPER_EXTENSION = app;
			};
			name = Release;
		};
		D53CE7DC1901811D000B96C4 /* Debug */ = {
			isa = XCBuildConfiguration;
			buildSettings = {
				BUNDLE_LOADER = "$(BUILT_PRODUCTS_DIR)/ARWebServerActivityExample.app/ARWebServerActivityExample";
				FRAMEWORK_SEARCH_PATHS = (
					"$(SDKROOT)/Developer/Library/Frameworks",
					"$(inherited)",
					"$(DEVELOPER_FRAMEWORKS_DIR)",
				);
				GCC_PRECOMPILE_PREFIX_HEADER = YES;
				GCC_PREFIX_HEADER = "ARWebServerActivityExample/ARWebServerActivityExample-Prefix.pch";
				GCC_PREPROCESSOR_DEFINITIONS = (
					"DEBUG=1",
					"$(inherited)",
				);
				INFOPLIST_FILE = "ARWebServerActivityExampleTests/ARWebServerActivityExampleTests-Info.plist";
				PRODUCT_NAME = "$(TARGET_NAME)";
				TEST_HOST = "$(BUNDLE_LOADER)";
				WRAPPER_EXTENSION = xctest;
			};
			name = Debug;
		};
		D53CE7DD1901811D000B96C4 /* Release */ = {
			isa = XCBuildConfiguration;
			buildSettings = {
				BUNDLE_LOADER = "$(BUILT_PRODUCTS_DIR)/ARWebServerActivityExample.app/ARWebServerActivityExample";
				FRAMEWORK_SEARCH_PATHS = (
					"$(SDKROOT)/Developer/Library/Frameworks",
					"$(inherited)",
					"$(DEVELOPER_FRAMEWORKS_DIR)",
				);
				GCC_PRECOMPILE_PREFIX_HEADER = YES;
				GCC_PREFIX_HEADER = "ARWebServerActivityExample/ARWebServerActivityExample-Prefix.pch";
				INFOPLIST_FILE = "ARWebServerActivityExampleTests/ARWebServerActivityExampleTests-Info.plist";
				PRODUCT_NAME = "$(TARGET_NAME)";
				TEST_HOST = "$(BUNDLE_LOADER)";
				WRAPPER_EXTENSION = xctest;
			};
			name = Release;
		};
/* End XCBuildConfiguration section */

/* Begin XCConfigurationList section */
		D53CE79E1901811D000B96C4 /* Build configuration list for PBXProject "ARWebServerActivityExample" */ = {
			isa = XCConfigurationList;
			buildConfigurations = (
				D53CE7D61901811D000B96C4 /* Debug */,
				D53CE7D71901811D000B96C4 /* Release */,
			);
			defaultConfigurationIsVisible = 0;
			defaultConfigurationName = Release;
		};
		D53CE7D81901811D000B96C4 /* Build configuration list for PBXNativeTarget "ARWebServerActivityExample" */ = {
			isa = XCConfigurationList;
			buildConfigurations = (
				D53CE7D91901811D000B96C4 /* Debug */,
				D53CE7DA1901811D000B96C4 /* Release */,
			);
			defaultConfigurationIsVisible = 0;
		};
		D53CE7DB1901811D000B96C4 /* Build configuration list for PBXNativeTarget "ARWebServerActivityExampleTests" */ = {
			isa = XCConfigurationList;
			buildConfigurations = (
				D53CE7DC1901811D000B96C4 /* Debug */,
				D53CE7DD1901811D000B96C4 /* Release */,
			);
			defaultConfigurationIsVisible = 0;
		};
/* End XCConfigurationList section */
	};
	rootObject = D53CE79B1901811D000B96C4 /* Project object */;
}
